// !$*UTF8*$!
{
	archiveVersion = 1;
	classes = {
	};
	objectVersion = 51;
	objects = {

/* Begin PBXBuildFile section */
		01C68D5D7A2469709A16F3D7 /* Pods_SwiftyArtNet.framework in Frameworks */ = {isa = PBXBuildFile; fileRef = 7D5A4AFB081895089F81BC79 /* Pods_SwiftyArtNet.framework */; };
		6F50F9EA2388359B00778995 /* Data+Bytes.swift in Sources */ = {isa = PBXBuildFile; fileRef = 6F50F9E92388359B00778995 /* Data+Bytes.swift */; };
		6F50F9EE2388360300778995 /* ArtNetPacket.swift in Sources */ = {isa = PBXBuildFile; fileRef = 6F50F9ED2388360300778995 /* ArtNetPacket.swift */; };
		6F50F9F02388364500778995 /* ArtPollReply.swift in Sources */ = {isa = PBXBuildFile; fileRef = 6F50F9EF2388364500778995 /* ArtPollReply.swift */; };
		6FDA65C62385ACE100A1E192 /* SwiftyArtNet.framework in Frameworks */ = {isa = PBXBuildFile; fileRef = 6FDA65BC2385ACE100A1E192 /* SwiftyArtNet.framework */; };
		6FDA65CB2385ACE100A1E192 /* SwiftyArtNetTests.swift in Sources */ = {isa = PBXBuildFile; fileRef = 6FDA65CA2385ACE100A1E192 /* SwiftyArtNetTests.swift */; };
		6FDA65CD2385ACE100A1E192 /* SwiftyArtNet.h in Headers */ = {isa = PBXBuildFile; fileRef = 6FDA65BF2385ACE100A1E192 /* SwiftyArtNet.h */; settings = {ATTRIBUTES = (Public, ); }; };
		6FDA65D72388343B00A1E192 /* SwiftyArtNet.swift in Sources */ = {isa = PBXBuildFile; fileRef = 6FDA65D62388343B00A1E192 /* SwiftyArtNet.swift */; };
		A285B04B9C5FA30733231337 /* Pods_SwiftyArtNet_SwiftyArtNetTests.framework in Frameworks */ = {isa = PBXBuildFile; fileRef = 274C2A3C00A39EB6F450F74C /* Pods_SwiftyArtNet_SwiftyArtNetTests.framework */; };
/* End PBXBuildFile section */

/* Begin PBXContainerItemProxy section */
		6FDA65C72385ACE100A1E192 /* PBXContainerItemProxy */ = {
			isa = PBXContainerItemProxy;
			containerPortal = 6FDA65B32385ACE100A1E192 /* Project object */;
			proxyType = 1;
			remoteGlobalIDString = 6FDA65BB2385ACE100A1E192;
			remoteInfo = SwiftyArtNet;
		};
/* End PBXContainerItemProxy section */

/* Begin PBXFileReference section */
		274C2A3C00A39EB6F450F74C /* Pods_SwiftyArtNet_SwiftyArtNetTests.framework */ = {isa = PBXFileReference; explicitFileType = wrapper.framework; includeInIndex = 0; path = Pods_SwiftyArtNet_SwiftyArtNetTests.framework; sourceTree = BUILT_PRODUCTS_DIR; };
		3C2DF8D44AB3174B8152F648 /* Pods-SwiftyArtNet.debug.xcconfig */ = {isa = PBXFileReference; includeInIndex = 1; lastKnownFileType = text.xcconfig; name = "Pods-SwiftyArtNet.debug.xcconfig"; path = "Target Support Files/Pods-SwiftyArtNet/Pods-SwiftyArtNet.debug.xcconfig"; sourceTree = "<group>"; };
		4EDC77C9EE1FCAD94959ED60 /* Pods-SwiftyArtNet-SwiftyArtNetTests.debug.xcconfig */ = {isa = PBXFileReference; includeInIndex = 1; lastKnownFileType = text.xcconfig; name = "Pods-SwiftyArtNet-SwiftyArtNetTests.debug.xcconfig"; path = "Target Support Files/Pods-SwiftyArtNet-SwiftyArtNetTests/Pods-SwiftyArtNet-SwiftyArtNetTests.debug.xcconfig"; sourceTree = "<group>"; };
		6F50F9E92388359B00778995 /* Data+Bytes.swift */ = {isa = PBXFileReference; lastKnownFileType = sourcecode.swift; path = "Data+Bytes.swift"; sourceTree = "<group>"; };
		6F50F9ED2388360300778995 /* ArtNetPacket.swift */ = {isa = PBXFileReference; lastKnownFileType = sourcecode.swift; path = ArtNetPacket.swift; sourceTree = "<group>"; };
		6F50F9EF2388364500778995 /* ArtPollReply.swift */ = {isa = PBXFileReference; lastKnownFileType = sourcecode.swift; path = ArtPollReply.swift; sourceTree = "<group>"; };
		6FDA65BC2385ACE100A1E192 /* SwiftyArtNet.framework */ = {isa = PBXFileReference; explicitFileType = wrapper.framework; includeInIndex = 0; path = SwiftyArtNet.framework; sourceTree = BUILT_PRODUCTS_DIR; };
		6FDA65BF2385ACE100A1E192 /* SwiftyArtNet.h */ = {isa = PBXFileReference; lastKnownFileType = sourcecode.c.h; path = SwiftyArtNet.h; sourceTree = "<group>"; };
		6FDA65C02385ACE100A1E192 /* Info.plist */ = {isa = PBXFileReference; lastKnownFileType = text.plist.xml; path = Info.plist; sourceTree = "<group>"; };
		6FDA65C52385ACE100A1E192 /* SwiftyArtNetTests.xctest */ = {isa = PBXFileReference; explicitFileType = wrapper.cfbundle; includeInIndex = 0; path = SwiftyArtNetTests.xctest; sourceTree = BUILT_PRODUCTS_DIR; };
		6FDA65CA2385ACE100A1E192 /* SwiftyArtNetTests.swift */ = {isa = PBXFileReference; lastKnownFileType = sourcecode.swift; path = SwiftyArtNetTests.swift; sourceTree = "<group>"; };
		6FDA65CC2385ACE100A1E192 /* Info.plist */ = {isa = PBXFileReference; lastKnownFileType = text.plist.xml; path = Info.plist; sourceTree = "<group>"; };
		6FDA65D62388343B00A1E192 /* SwiftyArtNet.swift */ = {isa = PBXFileReference; lastKnownFileType = sourcecode.swift; path = SwiftyArtNet.swift; sourceTree = "<group>"; };
		727DAEEE83AB5E2C98E02F26 /* Pods-SwiftyArtNet-SwiftyArtNetTests.release.xcconfig */ = {isa = PBXFileReference; includeInIndex = 1; lastKnownFileType = text.xcconfig; name = "Pods-SwiftyArtNet-SwiftyArtNetTests.release.xcconfig"; path = "Target Support Files/Pods-SwiftyArtNet-SwiftyArtNetTests/Pods-SwiftyArtNet-SwiftyArtNetTests.release.xcconfig"; sourceTree = "<group>"; };
		7D5A4AFB081895089F81BC79 /* Pods_SwiftyArtNet.framework */ = {isa = PBXFileReference; explicitFileType = wrapper.framework; includeInIndex = 0; path = Pods_SwiftyArtNet.framework; sourceTree = BUILT_PRODUCTS_DIR; };
		AB32E4F26A3444F8B5A6510D /* Pods-SwiftyArtNet.release.xcconfig */ = {isa = PBXFileReference; includeInIndex = 1; lastKnownFileType = text.xcconfig; name = "Pods-SwiftyArtNet.release.xcconfig"; path = "Target Support Files/Pods-SwiftyArtNet/Pods-SwiftyArtNet.release.xcconfig"; sourceTree = "<group>"; };
/* End PBXFileReference section */

/* Begin PBXFrameworksBuildPhase section */
		6FDA65B92385ACE100A1E192 /* Frameworks */ = {
			isa = PBXFrameworksBuildPhase;
			buildActionMask = 2147483647;
			files = (
				01C68D5D7A2469709A16F3D7 /* Pods_SwiftyArtNet.framework in Frameworks */,
			);
			runOnlyForDeploymentPostprocessing = 0;
		};
		6FDA65C22385ACE100A1E192 /* Frameworks */ = {
			isa = PBXFrameworksBuildPhase;
			buildActionMask = 2147483647;
			files = (
				6FDA65C62385ACE100A1E192 /* SwiftyArtNet.framework in Frameworks */,
				A285B04B9C5FA30733231337 /* Pods_SwiftyArtNet_SwiftyArtNetTests.framework in Frameworks */,
			);
			runOnlyForDeploymentPostprocessing = 0;
		};
/* End PBXFrameworksBuildPhase section */

/* Begin PBXGroup section */
		39CAA44CC0AC00F7AC7EE794 /* Pods */ = {
			isa = PBXGroup;
			children = (
				3C2DF8D44AB3174B8152F648 /* Pods-SwiftyArtNet.debug.xcconfig */,
				AB32E4F26A3444F8B5A6510D /* Pods-SwiftyArtNet.release.xcconfig */,
				4EDC77C9EE1FCAD94959ED60 /* Pods-SwiftyArtNet-SwiftyArtNetTests.debug.xcconfig */,
				727DAEEE83AB5E2C98E02F26 /* Pods-SwiftyArtNet-SwiftyArtNetTests.release.xcconfig */,
			);
			path = Pods;
			sourceTree = "<group>";
		};
		585A189C476AD319C99948EA /* Frameworks */ = {
			isa = PBXGroup;
			children = (
				7D5A4AFB081895089F81BC79 /* Pods_SwiftyArtNet.framework */,
				274C2A3C00A39EB6F450F74C /* Pods_SwiftyArtNet_SwiftyArtNetTests.framework */,
			);
			name = Frameworks;
			sourceTree = "<group>";
		};
		6F50F9EB238835B600778995 /* Extensions */ = {
			isa = PBXGroup;
			children = (
				6F50F9E92388359B00778995 /* Data+Bytes.swift */,
			);
			path = Extensions;
			sourceTree = "<group>";
		};
		6F50F9EC238835CB00778995 /* ArtNet */ = {
			isa = PBXGroup;
			children = (
				6F50F9ED2388360300778995 /* ArtNetPacket.swift */,
				6F50F9EF2388364500778995 /* ArtPollReply.swift */,
			);
			path = ArtNet;
			sourceTree = "<group>";
		};
		6FDA65B22385ACE100A1E192 = {
			isa = PBXGroup;
			children = (
				6FDA65BE2385ACE100A1E192 /* SwiftyArtNet */,
				6FDA65C92385ACE100A1E192 /* SwiftyArtNetTests */,
				6FDA65BD2385ACE100A1E192 /* Products */,
				39CAA44CC0AC00F7AC7EE794 /* Pods */,
				585A189C476AD319C99948EA /* Frameworks */,
			);
			sourceTree = "<group>";
		};
		6FDA65BD2385ACE100A1E192 /* Products */ = {
			isa = PBXGroup;
			children = (
				6FDA65BC2385ACE100A1E192 /* SwiftyArtNet.framework */,
				6FDA65C52385ACE100A1E192 /* SwiftyArtNetTests.xctest */,
			);
			name = Products;
			sourceTree = "<group>";
		};
		6FDA65BE2385ACE100A1E192 /* SwiftyArtNet */ = {
			isa = PBXGroup;
			children = (
				6FDA65BF2385ACE100A1E192 /* SwiftyArtNet.h */,
				6FDA65C02385ACE100A1E192 /* Info.plist */,
				6FDA65D62388343B00A1E192 /* SwiftyArtNet.swift */,
				6F50F9EC238835CB00778995 /* ArtNet */,
				6F50F9EB238835B600778995 /* Extensions */,
			);
			path = SwiftyArtNet;
			sourceTree = "<group>";
		};
		6FDA65C92385ACE100A1E192 /* SwiftyArtNetTests */ = {
			isa = PBXGroup;
			children = (
				6FDA65CA2385ACE100A1E192 /* SwiftyArtNetTests.swift */,
				6FDA65CC2385ACE100A1E192 /* Info.plist */,
			);
			path = SwiftyArtNetTests;
			sourceTree = "<group>";
		};
/* End PBXGroup section */

/* Begin PBXHeadersBuildPhase section */
		6FDA65B72385ACE100A1E192 /* Headers */ = {
			isa = PBXHeadersBuildPhase;
			buildActionMask = 2147483647;
			files = (
				6FDA65CD2385ACE100A1E192 /* SwiftyArtNet.h in Headers */,
			);
			runOnlyForDeploymentPostprocessing = 0;
		};
/* End PBXHeadersBuildPhase section */

/* Begin PBXNativeTarget section */
		6FDA65BB2385ACE100A1E192 /* SwiftyArtNet */ = {
			isa = PBXNativeTarget;
			buildConfigurationList = 6FDA65D02385ACE100A1E192 /* Build configuration list for PBXNativeTarget "SwiftyArtNet" */;
			buildPhases = (
				20882967D0AA99D7AD88C6BD /* [CP] Check Pods Manifest.lock */,
				6FDA65B72385ACE100A1E192 /* Headers */,
				6FDA65B82385ACE100A1E192 /* Sources */,
				6FDA65B92385ACE100A1E192 /* Frameworks */,
				6FDA65BA2385ACE100A1E192 /* Resources */,
				632C0005238D63170062B3CA /* ShellScript */,
			);
			buildRules = (
			);
			dependencies = (
			);
			name = SwiftyArtNet;
			productName = SwiftyArtNet;
			productReference = 6FDA65BC2385ACE100A1E192 /* SwiftyArtNet.framework */;
			productType = "com.apple.product-type.framework";
		};
		6FDA65C42385ACE100A1E192 /* SwiftyArtNetTests */ = {
			isa = PBXNativeTarget;
			buildConfigurationList = 6FDA65D32385ACE100A1E192 /* Build configuration list for PBXNativeTarget "SwiftyArtNetTests" */;
			buildPhases = (
				2D0B2C1407B8883AEFEC7175 /* [CP] Check Pods Manifest.lock */,
				6FDA65C12385ACE100A1E192 /* Sources */,
				6FDA65C22385ACE100A1E192 /* Frameworks */,
				6FDA65C32385ACE100A1E192 /* Resources */,
				53BD33D69628E1E3CF3B7529 /* [CP] Embed Pods Frameworks */,
			);
			buildRules = (
			);
			dependencies = (
				6FDA65C82385ACE100A1E192 /* PBXTargetDependency */,
			);
			name = SwiftyArtNetTests;
			productName = SwiftyArtNetTests;
			productReference = 6FDA65C52385ACE100A1E192 /* SwiftyArtNetTests.xctest */;
			productType = "com.apple.product-type.bundle.unit-test";
		};
/* End PBXNativeTarget section */

/* Begin PBXProject section */
		6FDA65B32385ACE100A1E192 /* Project object */ = {
			isa = PBXProject;
			attributes = {
				LastSwiftUpdateCheck = 1120;
				LastUpgradeCheck = 1120;
				ORGANIZATIONNAME = Jaimeeee;
				TargetAttributes = {
					6FDA65BB2385ACE100A1E192 = {
						CreatedOnToolsVersion = 11.2.1;
						LastSwiftMigration = 1120;
					};
					6FDA65C42385ACE100A1E192 = {
						CreatedOnToolsVersion = 11.2.1;
					};
				};
			};
			buildConfigurationList = 6FDA65B62385ACE100A1E192 /* Build configuration list for PBXProject "SwiftyArtNet" */;
			compatibilityVersion = "Xcode 9.3";
			developmentRegion = en;
			hasScannedForEncodings = 0;
			knownRegions = (
				en,
				Base,
			);
			mainGroup = 6FDA65B22385ACE100A1E192;
			productRefGroup = 6FDA65BD2385ACE100A1E192 /* Products */;
			projectDirPath = "";
			projectRoot = "";
			targets = (
				6FDA65BB2385ACE100A1E192 /* SwiftyArtNet */,
				6FDA65C42385ACE100A1E192 /* SwiftyArtNetTests */,
			);
		};
/* End PBXProject section */

/* Begin PBXResourcesBuildPhase section */
		6FDA65BA2385ACE100A1E192 /* Resources */ = {
			isa = PBXResourcesBuildPhase;
			buildActionMask = 2147483647;
			files = (
			);
			runOnlyForDeploymentPostprocessing = 0;
		};
		6FDA65C32385ACE100A1E192 /* Resources */ = {
			isa = PBXResourcesBuildPhase;
			buildActionMask = 2147483647;
			files = (
			);
			runOnlyForDeploymentPostprocessing = 0;
		};
/* End PBXResourcesBuildPhase section */

/* Begin PBXShellScriptBuildPhase section */
		20882967D0AA99D7AD88C6BD /* [CP] Check Pods Manifest.lock */ = {
			isa = PBXShellScriptBuildPhase;
			buildActionMask = 2147483647;
			files = (
			);
			inputFileListPaths = (
			);
			inputPaths = (
				"${PODS_PODFILE_DIR_PATH}/Podfile.lock",
				"${PODS_ROOT}/Manifest.lock",
			);
			name = "[CP] Check Pods Manifest.lock";
			outputFileListPaths = (
			);
			outputPaths = (
				"$(DERIVED_FILE_DIR)/Pods-SwiftyArtNet-checkManifestLockResult.txt",
			);
			runOnlyForDeploymentPostprocessing = 0;
			shellPath = /bin/sh;
			shellScript = "diff \"${PODS_PODFILE_DIR_PATH}/Podfile.lock\" \"${PODS_ROOT}/Manifest.lock\" > /dev/null\nif [ $? != 0 ] ; then\n    # print error to STDERR\n    echo \"error: The sandbox is not in sync with the Podfile.lock. Run 'pod install' or update your CocoaPods installation.\" >&2\n    exit 1\nfi\n# This output is used by Xcode 'outputs' to avoid re-running this script phase.\necho \"SUCCESS\" > \"${SCRIPT_OUTPUT_FILE_0}\"\n";
			showEnvVarsInLog = 0;
		};
		2D0B2C1407B8883AEFEC7175 /* [CP] Check Pods Manifest.lock */ = {
			isa = PBXShellScriptBuildPhase;
			buildActionMask = 2147483647;
			files = (
			);
			inputFileListPaths = (
			);
			inputPaths = (
				"${PODS_PODFILE_DIR_PATH}/Podfile.lock",
				"${PODS_ROOT}/Manifest.lock",
			);
			name = "[CP] Check Pods Manifest.lock";
			outputFileListPaths = (
			);
			outputPaths = (
				"$(DERIVED_FILE_DIR)/Pods-SwiftyArtNet-SwiftyArtNetTests-checkManifestLockResult.txt",
			);
			runOnlyForDeploymentPostprocessing = 0;
			shellPath = /bin/sh;
			shellScript = "diff \"${PODS_PODFILE_DIR_PATH}/Podfile.lock\" \"${PODS_ROOT}/Manifest.lock\" > /dev/null\nif [ $? != 0 ] ; then\n    # print error to STDERR\n    echo \"error: The sandbox is not in sync with the Podfile.lock. Run 'pod install' or update your CocoaPods installation.\" >&2\n    exit 1\nfi\n# This output is used by Xcode 'outputs' to avoid re-running this script phase.\necho \"SUCCESS\" > \"${SCRIPT_OUTPUT_FILE_0}\"\n";
			showEnvVarsInLog = 0;
		};
		53BD33D69628E1E3CF3B7529 /* [CP] Embed Pods Frameworks */ = {
			isa = PBXShellScriptBuildPhase;
			buildActionMask = 2147483647;
			files = (
			);
			inputFileListPaths = (
				"${PODS_ROOT}/Target Support Files/Pods-SwiftyArtNet-SwiftyArtNetTests/Pods-SwiftyArtNet-SwiftyArtNetTests-frameworks-${CONFIGURATION}-input-files.xcfilelist",
			);
			name = "[CP] Embed Pods Frameworks";
			outputFileListPaths = (
				"${PODS_ROOT}/Target Support Files/Pods-SwiftyArtNet-SwiftyArtNetTests/Pods-SwiftyArtNet-SwiftyArtNetTests-frameworks-${CONFIGURATION}-output-files.xcfilelist",
			);
			runOnlyForDeploymentPostprocessing = 0;
			shellPath = /bin/sh;
			shellScript = "\"${PODS_ROOT}/Target Support Files/Pods-SwiftyArtNet-SwiftyArtNetTests/Pods-SwiftyArtNet-SwiftyArtNetTests-frameworks.sh\"\n";
			showEnvVarsInLog = 0;
		};
		632C0005238D63170062B3CA /* ShellScript */ = {
			isa = PBXShellScriptBuildPhase;
			buildActionMask = 2147483647;
			files = (
			);
			inputFileListPaths = (
			);
			inputPaths = (
			);
			outputFileListPaths = (
			);
			outputPaths = (
			);
			runOnlyForDeploymentPostprocessing = 0;
			shellPath = /bin/sh;
			shellScript = "if which swiftlint >/dev/null; then\n    swiftlint\nelse\n    echo \"warning: SwiftLint not installed, download from https://github.com/realm/SwiftLint\"\nfi\n";
		};
/* End PBXShellScriptBuildPhase section */

/* Begin PBXSourcesBuildPhase section */
		6FDA65B82385ACE100A1E192 /* Sources */ = {
			isa = PBXSourcesBuildPhase;
			buildActionMask = 2147483647;
			files = (
				6F50F9EE2388360300778995 /* ArtNetPacket.swift in Sources */,
				6F50F9F02388364500778995 /* ArtPollReply.swift in Sources */,
				6FDA65D72388343B00A1E192 /* SwiftyArtNet.swift in Sources */,
				6F50F9EA2388359B00778995 /* Data+Bytes.swift in Sources */,
			);
			runOnlyForDeploymentPostprocessing = 0;
		};
		6FDA65C12385ACE100A1E192 /* Sources */ = {
			isa = PBXSourcesBuildPhase;
			buildActionMask = 2147483647;
			files = (
				6FDA65CB2385ACE100A1E192 /* SwiftyArtNetTests.swift in Sources */,
			);
			runOnlyForDeploymentPostprocessing = 0;
		};
/* End PBXSourcesBuildPhase section */

/* Begin PBXTargetDependency section */
		6FDA65C82385ACE100A1E192 /* PBXTargetDependency */ = {
			isa = PBXTargetDependency;
			target = 6FDA65BB2385ACE100A1E192 /* SwiftyArtNet */;
			targetProxy = 6FDA65C72385ACE100A1E192 /* PBXContainerItemProxy */;
		};
/* End PBXTargetDependency section */

/* Begin XCBuildConfiguration section */
		6FDA65CE2385ACE100A1E192 /* Debug */ = {
			isa = XCBuildConfiguration;
			buildSettings = {
				ALWAYS_SEARCH_USER_PATHS = NO;
				CLANG_ANALYZER_NONNULL = YES;
				CLANG_ANALYZER_NUMBER_OBJECT_CONVERSION = YES_AGGRESSIVE;
				CLANG_CXX_LANGUAGE_STANDARD = "gnu++14";
				CLANG_CXX_LIBRARY = "libc++";
				CLANG_ENABLE_MODULES = YES;
				CLANG_ENABLE_OBJC_ARC = YES;
				CLANG_ENABLE_OBJC_WEAK = YES;
				CLANG_WARN_BLOCK_CAPTURE_AUTORELEASING = YES;
				CLANG_WARN_BOOL_CONVERSION = YES;
				CLANG_WARN_COMMA = YES;
				CLANG_WARN_CONSTANT_CONVERSION = YES;
				CLANG_WARN_DEPRECATED_OBJC_IMPLEMENTATIONS = YES;
				CLANG_WARN_DIRECT_OBJC_ISA_USAGE = YES_ERROR;
				CLANG_WARN_DOCUMENTATION_COMMENTS = YES;
				CLANG_WARN_EMPTY_BODY = YES;
				CLANG_WARN_ENUM_CONVERSION = YES;
				CLANG_WARN_INFINITE_RECURSION = YES;
				CLANG_WARN_INT_CONVERSION = YES;
				CLANG_WARN_NON_LITERAL_NULL_CONVERSION = YES;
				CLANG_WARN_OBJC_IMPLICIT_RETAIN_SELF = YES;
				CLANG_WARN_OBJC_LITERAL_CONVERSION = YES;
				CLANG_WARN_OBJC_ROOT_CLASS = YES_ERROR;
				CLANG_WARN_RANGE_LOOP_ANALYSIS = YES;
				CLANG_WARN_STRICT_PROTOTYPES = YES;
				CLANG_WARN_SUSPICIOUS_MOVE = YES;
				CLANG_WARN_UNGUARDED_AVAILABILITY = YES_AGGRESSIVE;
				CLANG_WARN_UNREACHABLE_CODE = YES;
				CLANG_WARN__DUPLICATE_METHOD_MATCH = YES;
				COPY_PHASE_STRIP = NO;
				CURRENT_PROJECT_VERSION = 1;
				DEBUG_INFORMATION_FORMAT = dwarf;
				ENABLE_STRICT_OBJC_MSGSEND = YES;
				ENABLE_TESTABILITY = YES;
				GCC_C_LANGUAGE_STANDARD = gnu11;
				GCC_DYNAMIC_NO_PIC = NO;
				GCC_NO_COMMON_BLOCKS = YES;
				GCC_OPTIMIZATION_LEVEL = 0;
				GCC_PREPROCESSOR_DEFINITIONS = (
					"DEBUG=1",
					"$(inherited)",
				);
				GCC_WARN_64_TO_32_BIT_CONVERSION = YES;
				GCC_WARN_ABOUT_RETURN_TYPE = YES_ERROR;
				GCC_WARN_UNDECLARED_SELECTOR = YES;
				GCC_WARN_UNINITIALIZED_AUTOS = YES_AGGRESSIVE;
				GCC_WARN_UNUSED_FUNCTION = YES;
				GCC_WARN_UNUSED_VARIABLE = YES;
				IPHONEOS_DEPLOYMENT_TARGET = 13.2;
				MTL_ENABLE_DEBUG_INFO = INCLUDE_SOURCE;
				MTL_FAST_MATH = YES;
				ONLY_ACTIVE_ARCH = YES;
				SDKROOT = iphoneos;
				SWIFT_ACTIVE_COMPILATION_CONDITIONS = DEBUG;
				SWIFT_OPTIMIZATION_LEVEL = "-Onone";
				VERSIONING_SYSTEM = "apple-generic";
				VERSION_INFO_PREFIX = "";
			};
			name = Debug;
		};
		6FDA65CF2385ACE100A1E192 /* Release */ = {
			isa = XCBuildConfiguration;
			buildSettings = {
				ALWAYS_SEARCH_USER_PATHS = NO;
				CLANG_ANALYZER_NONNULL = YES;
				CLANG_ANALYZER_NUMBER_OBJECT_CONVERSION = YES_AGGRESSIVE;
				CLANG_CXX_LANGUAGE_STANDARD = "gnu++14";
				CLANG_CXX_LIBRARY = "libc++";
				CLANG_ENABLE_MODULES = YES;
				CLANG_ENABLE_OBJC_ARC = YES;
				CLANG_ENABLE_OBJC_WEAK = YES;
				CLANG_WARN_BLOCK_CAPTURE_AUTORELEASING = YES;
				CLANG_WARN_BOOL_CONVERSION = YES;
				CLANG_WARN_COMMA = YES;
				CLANG_WARN_CONSTANT_CONVERSION = YES;
				CLANG_WARN_DEPRECATED_OBJC_IMPLEMENTATIONS = YES;
				CLANG_WARN_DIRECT_OBJC_ISA_USAGE = YES_ERROR;
				CLANG_WARN_DOCUMENTATION_COMMENTS = YES;
				CLANG_WARN_EMPTY_BODY = YES;
				CLANG_WARN_ENUM_CONVERSION = YES;
				CLANG_WARN_INFINITE_RECURSION = YES;
				CLANG_WARN_INT_CONVERSION = YES;
				CLANG_WARN_NON_LITERAL_NULL_CONVERSION = YES;
				CLANG_WARN_OBJC_IMPLICIT_RETAIN_SELF = YES;
				CLANG_WARN_OBJC_LITERAL_CONVERSION = YES;
				CLANG_WARN_OBJC_ROOT_CLASS = YES_ERROR;
				CLANG_WARN_RANGE_LOOP_ANALYSIS = YES;
				CLANG_WARN_STRICT_PROTOTYPES = YES;
				CLANG_WARN_SUSPICIOUS_MOVE = YES;
				CLANG_WARN_UNGUARDED_AVAILABILITY = YES_AGGRESSIVE;
				CLANG_WARN_UNREACHABLE_CODE = YES;
				CLANG_WARN__DUPLICATE_METHOD_MATCH = YES;
				COPY_PHASE_STRIP = NO;
				CURRENT_PROJECT_VERSION = 1;
				DEBUG_INFORMATION_FORMAT = "dwarf-with-dsym";
				ENABLE_NS_ASSERTIONS = NO;
				ENABLE_STRICT_OBJC_MSGSEND = YES;
				GCC_C_LANGUAGE_STANDARD = gnu11;
				GCC_NO_COMMON_BLOCKS = YES;
				GCC_WARN_64_TO_32_BIT_CONVERSION = YES;
				GCC_WARN_ABOUT_RETURN_TYPE = YES_ERROR;
				GCC_WARN_UNDECLARED_SELECTOR = YES;
				GCC_WARN_UNINITIALIZED_AUTOS = YES_AGGRESSIVE;
				GCC_WARN_UNUSED_FUNCTION = YES;
				GCC_WARN_UNUSED_VARIABLE = YES;
				IPHONEOS_DEPLOYMENT_TARGET = 13.2;
				MTL_ENABLE_DEBUG_INFO = NO;
				MTL_FAST_MATH = YES;
				SDKROOT = iphoneos;
				SWIFT_COMPILATION_MODE = wholemodule;
				SWIFT_OPTIMIZATION_LEVEL = "-O";
				VALIDATE_PRODUCT = YES;
				VERSIONING_SYSTEM = "apple-generic";
				VERSION_INFO_PREFIX = "";
			};
			name = Release;
		};
		6FDA65D12385ACE100A1E192 /* Debug */ = {
			isa = XCBuildConfiguration;
			baseConfigurationReference = 3C2DF8D44AB3174B8152F648 /* Pods-SwiftyArtNet.debug.xcconfig */;
			buildSettings = {
				CLANG_ENABLE_MODULES = YES;
				CODE_SIGN_STYLE = Automatic;
				DEFINES_MODULE = YES;
				DEVELOPMENT_TEAM = 5LS72D7KS3;
				DYLIB_COMPATIBILITY_VERSION = 1;
				DYLIB_CURRENT_VERSION = 1;
				DYLIB_INSTALL_NAME_BASE = "@rpath";
				INFOPLIST_FILE = SwiftyArtNet/Info.plist;
				INSTALL_PATH = "$(LOCAL_LIBRARY_DIR)/Frameworks";
				LD_RUNPATH_SEARCH_PATHS = (
					"$(inherited)",
					"@executable_path/Frameworks",
					"@loader_path/Frameworks",
				);
				PRODUCT_BUNDLE_IDENTIFIER = com.jaimeeee.SwiftyArtNet;
				PRODUCT_NAME = "$(TARGET_NAME:c99extidentifier)";
				SKIP_INSTALL = YES;
				SWIFT_OPTIMIZATION_LEVEL = "-Onone";
				SWIFT_VERSION = 5.0;
				TARGETED_DEVICE_FAMILY = "1,2";
			};
			name = Debug;
		};
		6FDA65D22385ACE100A1E192 /* Release */ = {
			isa = XCBuildConfiguration;
			baseConfigurationReference = AB32E4F26A3444F8B5A6510D /* Pods-SwiftyArtNet.release.xcconfig */;
			buildSettings = {
				CLANG_ENABLE_MODULES = YES;
				CODE_SIGN_STYLE = Automatic;
				DEFINES_MODULE = YES;
				DEVELOPMENT_TEAM = 5LS72D7KS3;
				DYLIB_COMPATIBILITY_VERSION = 1;
				DYLIB_CURRENT_VERSION = 1;
				DYLIB_INSTALL_NAME_BASE = "@rpath";
				INFOPLIST_FILE = SwiftyArtNet/Info.plist;
				INSTALL_PATH = "$(LOCAL_LIBRARY_DIR)/Frameworks";
				LD_RUNPATH_SEARCH_PATHS = (
					"$(inherited)",
					"@executable_path/Frameworks",
					"@loader_path/Frameworks",
				);
				PRODUCT_BUNDLE_IDENTIFIER = com.jaimeeee.SwiftyArtNet;
				PRODUCT_NAME = "$(TARGET_NAME:c99extidentifier)";
				SKIP_INSTALL = YES;
				SWIFT_VERSION = 5.0;
				TARGETED_DEVICE_FAMILY = "1,2";
			};
			name = Release;
		};
		6FDA65D42385ACE100A1E192 /* Debug */ = {
			isa = XCBuildConfiguration;
			baseConfigurationReference = 4EDC77C9EE1FCAD94959ED60 /* Pods-SwiftyArtNet-SwiftyArtNetTests.debug.xcconfig */;
			buildSettings = {
				ALWAYS_EMBED_SWIFT_STANDARD_LIBRARIES = YES;
				CODE_SIGN_STYLE = Automatic;
				DEVELOPMENT_TEAM = 5LS72D7KS3;
				INFOPLIST_FILE = SwiftyArtNetTests/Info.plist;
				LD_RUNPATH_SEARCH_PATHS = (
					"$(inherited)",
					"@executable_path/Frameworks",
					"@loader_path/Frameworks",
				);
				PRODUCT_BUNDLE_IDENTIFIER = com.jaimeeee.SwiftyArtNetTests;
				PRODUCT_NAME = "$(TARGET_NAME)";
				SWIFT_VERSION = 5.0;
				TARGETED_DEVICE_FAMILY = "1,2";
			};
			name = Debug;
		};
		6FDA65D52385ACE100A1E192 /* Release */ = {
			isa = XCBuildConfiguration;
			baseConfigurationReference = 727DAEEE83AB5E2C98E02F26 /* Pods-SwiftyArtNet-SwiftyArtNetTests.release.xcconfig */;
			buildSettings = {
				ALWAYS_EMBED_SWIFT_STANDARD_LIBRARIES = YES;
				CODE_SIGN_STYLE = Automatic;
				DEVELOPMENT_TEAM = 5LS72D7KS3;
				INFOPLIST_FILE = SwiftyArtNetTests/Info.plist;
				LD_RUNPATH_SEARCH_PATHS = (
					"$(inherited)",
					"@executable_path/Frameworks",
					"@loader_path/Frameworks",
				);
				PRODUCT_BUNDLE_IDENTIFIER = com.jaimeeee.SwiftyArtNetTests;
				PRODUCT_NAME = "$(TARGET_NAME)";
				SWIFT_VERSION = 5.0;
				TARGETED_DEVICE_FAMILY = "1,2";
			};
			name = Release;
		};
/* End XCBuildConfiguration section */

/* Begin XCConfigurationList section */
		6FDA65B62385ACE100A1E192 /* Build configuration list for PBXProject "SwiftyArtNet" */ = {
			isa = XCConfigurationList;
			buildConfigurations = (
				6FDA65CE2385ACE100A1E192 /* Debug */,
				6FDA65CF2385ACE100A1E192 /* Release */,
			);
			defaultConfigurationIsVisible = 0;
			defaultConfigurationName = Release;
		};
		6FDA65D02385ACE100A1E192 /* Build configuration list for PBXNativeTarget "SwiftyArtNet" */ = {
			isa = XCConfigurationList;
			buildConfigurations = (
				6FDA65D12385ACE100A1E192 /* Debug */,
				6FDA65D22385ACE100A1E192 /* Release */,
			);
			defaultConfigurationIsVisible = 0;
			defaultConfigurationName = Release;
		};
		6FDA65D32385ACE100A1E192 /* Build configuration list for PBXNativeTarget "SwiftyArtNetTests" */ = {
			isa = XCConfigurationList;
			buildConfigurations = (
				6FDA65D42385ACE100A1E192 /* Debug */,
				6FDA65D52385ACE100A1E192 /* Release */,
			);
			defaultConfigurationIsVisible = 0;
			defaultConfigurationName = Release;
		};
/* End XCConfigurationList section */
	};
	rootObject = 6FDA65B32385ACE100A1E192 /* Project object */;
}
